
Microsoft Visual Studio Solution File, Format Version 11.00
# Visual Studio 2010
Project("{FAE04EC0-301F-11D3-BF4B-00C04F79EFBC}") = "Assembly-CSharp", "Assembly-CSharp.csproj", "{66a27620-c4a9-4738-b1fd-f2833baa193b}"
EndProject
Project("{FAE04EC0-301F-11D3-BF4B-00C04F79EFBC}") = "Assembly-CSharp-Editor", "Assembly-CSharp-Editor.csproj", "{1f67ebd2-c3a9-5aaa-94a7-c3331fc84b0c}"
EndProject
Global
	GlobalSection(SolutionConfigurationPlatforms) = preSolution
		Debug|Any CPU = Debug|Any CPU
	EndGlobalSection
	GlobalSection(ProjectConfigurationPlatforms) = postSolution
		{66a27620-c4a9-4738-b1fd-f2833baa193b}.Debug|Any CPU.ActiveCfg = Debug|Any CPU
		{66a27620-c4a9-4738-b1fd-f2833baa193b}.Debug|Any CPU.Build.0 = Debug|Any CPU
		{1f67ebd2-c3a9-5aaa-94a7-c3331fc84b0c}.Debug|Any CPU.ActiveCfg = Debug|Any CPU
		{1f67ebd2-c3a9-5aaa-94a7-c3331fc84b0c}.Debug|Any CPU.Build.0 = Debug|Any CPU
	EndGlobalSection
	GlobalSection(SolutionProperties) = preSolution
		HideSolutionNode = FALSE
	EndGlobalSection
EndGlobal
